
Microsoft Visual Studio Solution File, Format Version 12.00
# Visual Studio 15
VisualStudioVersion = 15.0.26430.13
MinimumVisualStudioVersion = 10.0.40219.1
Project("{FAE04EC0-301F-11D3-BF4B-00C04F79EFBC}") = "WeatherApp.Droid", "WeatherApp\WeatherApp.Droid\WeatherApp.Droid.csproj", "{C59741F0-F147-45B1-83E9-00C7DE88A490}"
EndProject
Project("{FAE04EC0-301F-11D3-BF4B-00C04F79EFBC}") = "WeatherApp.iOS", "WeatherApp\WeatherApp.iOS\WeatherApp.iOS.csproj", "{665A744C-B9FE-40B5-B974-D204AFBDBB6C}"
EndProject
Project("{FAE04EC0-301F-11D3-BF4B-00C04F79EFBC}") = "WeatherApp.UWP", "WeatherApp\WeatherApp.UWP\WeatherApp.UWP.csproj", "{8AA209DD-602F-4325-A962-BB3841A96338}"
EndProject
Project("{FAE04EC0-301F-11D3-BF4B-00C04F79EFBC}") = "WeatherApp", "WeatherApp\WeatherApp\WeatherApp.csproj", "{69AF34C0-39B1-4686-BBB5-1F59DEB31158}"
EndProject
Global
	GlobalSection(SolutionConfigurationPlatforms) = preSolution
		Ad-Hoc|Any CPU = Ad-Hoc|Any CPU
		Ad-Hoc|ARM = Ad-Hoc|ARM
		Ad-Hoc|iPhone = Ad-Hoc|iPhone
		Ad-Hoc|iPhoneSimulator = Ad-Hoc|iPhoneSimulator
		Ad-Hoc|x64 = Ad-Hoc|x64
		Ad-Hoc|x86 = Ad-Hoc|x86
		AppStore|Any CPU = AppStore|Any CPU
		AppStore|ARM = AppStore|ARM
		AppStore|iPhone = AppStore|iPhone
		AppStore|iPhoneSimulator = AppStore|iPhoneSimulator
		AppStore|x64 = AppStore|x64
		AppStore|x86 = AppStore|x86
		Debug|Any CPU = Debug|Any CPU
		Debug|ARM = Debug|ARM
		Debug|iPhone = Debug|iPhone
		Debug|iPhoneSimulator = Debug|iPhoneSimulator
		Debug|x64 = Debug|x64
		Debug|x86 = Debug|x86
		Release|Any CPU = Release|Any CPU
		Release|ARM = Release|ARM
		Release|iPhone = Release|iPhone
		Release|iPhoneSimulator = Release|iPhoneSimulator
		Release|x64 = Release|x64
		Release|x86 = Release|x86
	EndGlobalSection
	GlobalSection(ProjectConfigurationPlatforms) = postSolution
		{C59741F0-F147-45B1-83E9-00C7DE88A490}.Ad-Hoc|Any CPU.ActiveCfg = Release|Any CPU
		{C59741F0-F147-45B1-83E9-00C7DE88A490}.Ad-Hoc|Any CPU.Build.0 = Release|Any CPU
		{C59741F0-F147-45B1-83E9-00C7DE88A490}.Ad-Hoc|Any CPU.Deploy.0 = Release|Any CPU
		{C59741F0-F147-45B1-83E9-00C7DE88A490}.Ad-Hoc|ARM.ActiveCfg = Release|Any CPU
		{C59741F0-F147-45B1-83E9-00C7DE88A490}.Ad-Hoc|ARM.Build.0 = Release|Any CPU
		{C59741F0-F147-45B1-83E9-00C7DE88A490}.Ad-Hoc|ARM.Deploy.0 = Release|Any CPU
		{C59741F0-F147-45B1-83E9-00C7DE88A490}.Ad-Hoc|iPhone.ActiveCfg = Release|Any CPU
		{C59741F0-F147-45B1-83E9-00C7DE88A490}.Ad-Hoc|iPhone.Build.0 = Release|Any CPU
		{C59741F0-F147-45B1-83E9-00C7DE88A490}.Ad-Hoc|iPhone.Deploy.0 = Release|Any CPU
		{C59741F0-F147-45B1-83E9-00C7DE88A490}.Ad-Hoc|iPhoneSimulator.ActiveCfg = Release|Any CPU
		{C59741F0-F147-45B1-83E9-00C7DE88A490}.Ad-Hoc|iPhoneSimulator.Build.0 = Release|Any CPU
		{C59741F0-F147-45B1-83E9-00C7DE88A490}.Ad-Hoc|iPhoneSimulator.Deploy.0 = Release|Any CPU
		{C59741F0-F147-45B1-83E9-00C7DE88A490}.Ad-Hoc|x64.ActiveCfg = Release|Any CPU
		{C59741F0-F147-45B1-83E9-00C7DE88A490}.Ad-Hoc|x64.Build.0 = Release|Any CPU
		{C59741F0-F147-45B1-83E9-00C7DE88A490}.Ad-Hoc|x64.Deploy.0 = Release|Any CPU
		{C59741F0-F147-45B1-83E9-00C7DE88A490}.Ad-Hoc|x86.ActiveCfg = Release|Any CPU
		{C59741F0-F147-45B1-83E9-00C7DE88A490}.Ad-Hoc|x86.Build.0 = Release|Any CPU
		{C59741F0-F147-45B1-83E9-00C7DE88A490}.Ad-Hoc|x86.Deploy.0 = Release|Any CPU
		{C59741F0-F147-45B1-83E9-00C7DE88A490}.AppStore|Any CPU.ActiveCfg = Release|Any CPU
		{C59741F0-F147-45B1-83E9-00C7DE88A490}.AppStore|Any CPU.Build.0 = Release|Any CPU
		{C59741F0-F147-45B1-83E9-00C7DE88A490}.AppStore|Any CPU.Deploy.0 = Release|Any CPU
		{C59741F0-F147-45B1-83E9-00C7DE88A490}.AppStore|ARM.ActiveCfg = Release|Any CPU
		{C59741F0-F147-45B1-83E9-00C7DE88A490}.AppStore|ARM.Build.0 = Release|Any CPU
		{C59741F0-F147-45B1-83E9-00C7DE88A490}.AppStore|ARM.Deploy.0 = Release|Any CPU
		{C59741F0-F147-45B1-83E9-00C7DE88A490}.AppStore|iPhone.ActiveCfg = Release|Any CPU
		{C59741F0-F147-45B1-83E9-00C7DE88A490}.AppStore|iPhone.Build.0 = Release|Any CPU
		{C59741F0-F147-45B1-83E9-00C7DE88A490}.AppStore|iPhone.Deploy.0 = Release|Any CPU
		{C59741F0-F147-45B1-83E9-00C7DE88A490}.AppStore|iPhoneSimulator.ActiveCfg = Release|Any CPU
		{C59741F0-F147-45B1-83E9-00C7DE88A490}.AppStore|iPhoneSimulator.Build.0 = Release|Any CPU
		{C59741F0-F147-45B1-83E9-00C7DE88A490}.AppStore|iPhoneSimulator.Deploy.0 = Release|Any CPU
		{C59741F0-F147-45B1-83E9-00C7DE88A490}.AppStore|x64.ActiveCfg = Release|Any CPU
		{C59741F0-F147-45B1-83E9-00C7DE88A490}.AppStore|x64.Build.0 = Release|Any CPU
		{C59741F0-F147-45B1-83E9-00C7DE88A490}.AppStore|x64.Deploy.0 = Release|Any CPU
		{C59741F0-F147-45B1-83E9-00C7DE88A490}.AppStore|x86.ActiveCfg = Release|Any CPU
		{C59741F0-F147-45B1-83E9-00C7DE88A490}.AppStore|x86.Build.0 = Release|Any CPU
		{C59741F0-F147-45B1-83E9-00C7DE88A490}.AppStore|x86.Deploy.0 = Release|Any CPU
		{C59741F0-F147-45B1-83E9-00C7DE88A490}.Debug|Any CPU.ActiveCfg = Debug|Any CPU
		{C59741F0-F147-45B1-83E9-00C7DE88A490}.Debug|Any CPU.Build.0 = Debug|Any CPU
		{C59741F0-F147-45B1-83E9-00C7DE88A490}.Debug|Any CPU.Deploy.0 = Debug|Any CPU
		{C59741F0-F147-45B1-83E9-00C7DE88A490}.Debug|ARM.ActiveCfg = Debug|Any CPU
		{C59741F0-F147-45B1-83E9-00C7DE88A490}.Debug|ARM.Build.0 = Debug|Any CPU
		{C59741F0-F147-45B1-83E9-00C7DE88A490}.Debug|ARM.Deploy.0 = Debug|Any CPU
		{C59741F0-F147-45B1-83E9-00C7DE88A490}.Debug|iPhone.ActiveCfg = Debug|Any CPU
		{C59741F0-F147-45B1-83E9-00C7DE88A490}.Debug|iPhone.Build.0 = Debug|Any CPU
		{C59741F0-F147-45B1-83E9-00C7DE88A490}.Debug|iPhone.Deploy.0 = Debug|Any CPU
		{C59741F0-F147-45B1-83E9-00C7DE88A490}.Debug|iPhoneSimulator.ActiveCfg = Debug|Any CPU
		{C59741F0-F147-45B1-83E9-00C7DE88A490}.Debug|iPhoneSimulator.Build.0 = Debug|Any CPU
		{C59741F0-F147-45B1-83E9-00C7DE88A490}.Debug|iPhoneSimulator.Deploy.0 = Debug|Any CPU
		{C59741F0-F147-45B1-83E9-00C7DE88A490}.Debug|x64.ActiveCfg = Debug|Any CPU
		{C59741F0-F147-45B1-83E9-00C7DE88A490}.Debug|x64.Build.0 = Debug|Any CPU
		{C59741F0-F147-45B1-83E9-00C7DE88A490}.Debug|x64.Deploy.0 = Debug|Any CPU
		{C59741F0-F147-45B1-83E9-00C7DE88A490}.Debug|x86.ActiveCfg = Debug|Any CPU
		{C59741F0-F147-45B1-83E9-00C7DE88A490}.Debug|x86.Build.0 = Debug|Any CPU
		{C59741F0-F147-45B1-83E9-00C7DE88A490}.Debug|x86.Deploy.0 = Debug|Any CPU
		{C59741F0-F147-45B1-83E9-00C7DE88A490}.Release|Any CPU.ActiveCfg = Release|Any CPU
		{C59741F0-F147-45B1-83E9-00C7DE88A490}.Release|Any CPU.Build.0 = Release|Any CPU
		{C59741F0-F147-45B1-83E9-00C7DE88A490}.Release|Any CPU.Deploy.0 = Release|Any CPU
		{C59741F0-F147-45B1-83E9-00C7DE88A490}.Release|ARM.ActiveCfg = Release|Any CPU
		{C59741F0-F147-45B1-83E9-00C7DE88A490}.Release|ARM.Build.0 = Release|Any CPU
		{C59741F0-F147-45B1-83E9-00C7DE88A490}.Release|ARM.Deploy.0 = Release|Any CPU
		{C59741F0-F147-45B1-83E9-00C7DE88A490}.Release|iPhone.ActiveCfg = Release|Any CPU
		{C59741F0-F147-45B1-83E9-00C7DE88A490}.Release|iPhone.Build.0 = Release|Any CPU
		{C59741F0-F147-45B1-83E9-00C7DE88A490}.Release|iPhone.Deploy.0 = Release|Any CPU
		{C59741F0-F147-45B1-83E9-00C7DE88A490}.Release|iPhoneSimulator.ActiveCfg = Release|Any CPU
		{C59741F0-F147-45B1-83E9-00C7DE88A490}.Release|iPhoneSimulator.Build.0 = Release|Any CPU
		{C59741F0-F147-45B1-83E9-00C7DE88A490}.Release|iPhoneSimulator.Deploy.0 = Release|Any CPU
		{C59741F0-F147-45B1-83E9-00C7DE88A490}.Release|x64.ActiveCfg = Release|Any CPU
		{C59741F0-F147-45B1-83E9-00C7DE88A490}.Release|x64.Build.0 = Release|Any CPU
		{C59741F0-F147-45B1-83E9-00C7DE88A490}.Release|x64.Deploy.0 = Release|Any CPU
		{C59741F0-F147-45B1-83E9-00C7DE88A490}.Release|x86.ActiveCfg = Release|Any CPU
		{C59741F0-F147-45B1-83E9-00C7DE88A490}.Release|x86.Build.0 = Release|Any CPU
		{C59741F0-F147-45B1-83E9-00C7DE88A490}.Release|x86.Deploy.0 = Release|Any CPU
		{665A744C-B9FE-40B5-B974-D204AFBDBB6C}.Ad-Hoc|Any CPU.ActiveCfg = Ad-Hoc|iPhone
		{665A744C-B9FE-40B5-B974-D204AFBDBB6C}.Ad-Hoc|ARM.ActiveCfg = Ad-Hoc|iPhone
		{665A744C-B9FE-40B5-B974-D204AFBDBB6C}.Ad-Hoc|iPhone.ActiveCfg = Ad-Hoc|iPhone
		{665A744C-B9FE-40B5-B974-D204AFBDBB6C}.Ad-Hoc|iPhone.Build.0 = Ad-Hoc|iPhone
		{665A744C-B9FE-40B5-B974-D204AFBDBB6C}.Ad-Hoc|iPhoneSimulator.ActiveCfg = Ad-Hoc|iPhoneSimulator
		{665A744C-B9FE-40B5-B974-D204AFBDBB6C}.Ad-Hoc|iPhoneSimulator.Build.0 = Ad-Hoc|iPhoneSimulator
		{665A744C-B9FE-40B5-B974-D204AFBDBB6C}.Ad-Hoc|x64.ActiveCfg = Ad-Hoc|iPhone
		{665A744C-B9FE-40B5-B974-D204AFBDBB6C}.Ad-Hoc|x86.ActiveCfg = Ad-Hoc|iPhone
		{665A744C-B9FE-40B5-B974-D204AFBDBB6C}.AppStore|Any CPU.ActiveCfg = AppStore|iPhone
		{665A744C-B9FE-40B5-B974-D204AFBDBB6C}.AppStore|ARM.ActiveCfg = AppStore|iPhone
		{665A744C-B9FE-40B5-B974-D204AFBDBB6C}.AppStore|iPhone.ActiveCfg = AppStore|iPhone
		{665A744C-B9FE-40B5-B974-D204AFBDBB6C}.AppStore|iPhone.Build.0 = AppStore|iPhone
		{665A744C-B9FE-40B5-B974-D204AFBDBB6C}.AppStore|iPhoneSimulator.ActiveCfg = AppStore|iPhoneSimulator
		{665A744C-B9FE-40B5-B974-D204AFBDBB6C}.AppStore|iPhoneSimulator.Build.0 = AppStore|iPhoneSimulator
		{665A744C-B9FE-40B5-B974-D204AFBDBB6C}.AppStore|x64.ActiveCfg = AppStore|iPhone
		{665A744C-B9FE-40B5-B974-D204AFBDBB6C}.AppStore|x86.ActiveCfg = AppStore|iPhone
		{665A744C-B9FE-40B5-B974-D204AFBDBB6C}.Debug|Any CPU.ActiveCfg = Debug|iPhone
		{665A744C-B9FE-40B5-B974-D204AFBDBB6C}.Debug|ARM.ActiveCfg = Debug|iPhone
		{665A744C-B9FE-40B5-B974-D204AFBDBB6C}.Debug|iPhone.ActiveCfg = Debug|iPhone
		{665A744C-B9FE-40B5-B974-D204AFBDBB6C}.Debug|iPhone.Build.0 = Debug|iPhone
		{665A744C-B9FE-40B5-B974-D204AFBDBB6C}.Debug|iPhoneSimulator.ActiveCfg = Debug|iPhoneSimulator
		{665A744C-B9FE-40B5-B974-D204AFBDBB6C}.Debug|iPhoneSimulator.Build.0 = Debug|iPhoneSimulator
		{665A744C-B9FE-40B5-B974-D204AFBDBB6C}.Debug|x64.ActiveCfg = Debug|iPhone
		{665A744C-B9FE-40B5-B974-D204AFBDBB6C}.Debug|x86.ActiveCfg = Debug|iPhone
		{665A744C-B9FE-40B5-B974-D204AFBDBB6C}.Release|Any CPU.ActiveCfg = Release|iPhone
		{665A744C-B9FE-40B5-B974-D204AFBDBB6C}.Release|ARM.ActiveCfg = Release|iPhone
		{665A744C-B9FE-40B5-B974-D204AFBDBB6C}.Release|iPhone.ActiveCfg = Release|iPhone
		{665A744C-B9FE-40B5-B974-D204AFBDBB6C}.Release|iPhone.Build.0 = Release|iPhone
		{665A744C-B9FE-40B5-B974-D204AFBDBB6C}.Release|iPhoneSimulator.ActiveCfg = Release|iPhoneSimulator
		{665A744C-B9FE-40B5-B974-D204AFBDBB6C}.Release|iPhoneSimulator.Build.0 = Release|iPhoneSimulator
		{665A744C-B9FE-40B5-B974-D204AFBDBB6C}.Release|x64.ActiveCfg = Release|iPhone
		{665A744C-B9FE-40B5-B974-D204AFBDBB6C}.Release|x86.ActiveCfg = Release|iPhone
		{8AA209DD-602F-4325-A962-BB3841A96338}.Ad-Hoc|Any CPU.ActiveCfg = Release|x86
		{8AA209DD-602F-4325-A962-BB3841A96338}.Ad-Hoc|Any CPU.Build.0 = Release|x86
		{8AA209DD-602F-4325-A962-BB3841A96338}.Ad-Hoc|Any CPU.Deploy.0 = Release|x86
		{8AA209DD-602F-4325-A962-BB3841A96338}.Ad-Hoc|ARM.ActiveCfg = Release|ARM
		{8AA209DD-602F-4325-A962-BB3841A96338}.Ad-Hoc|ARM.Build.0 = Release|ARM
		{8AA209DD-602F-4325-A962-BB3841A96338}.Ad-Hoc|ARM.Deploy.0 = Release|ARM
		{8AA209DD-602F-4325-A962-BB3841A96338}.Ad-Hoc|iPhone.ActiveCfg = Release|x86
		{8AA209DD-602F-4325-A962-BB3841A96338}.Ad-Hoc|iPhone.Build.0 = Release|x86
		{8AA209DD-602F-4325-A962-BB3841A96338}.Ad-Hoc|iPhone.Deploy.0 = Release|x86
		{8AA209DD-602F-4325-A962-BB3841A96338}.Ad-Hoc|iPhoneSimulator.ActiveCfg = Release|x86
		{8AA209DD-602F-4325-A962-BB3841A96338}.Ad-Hoc|iPhoneSimulator.Build.0 = Release|x86
		{8AA209DD-602F-4325-A962-BB3841A96338}.Ad-Hoc|iPhoneSimulator.Deploy.0 = Release|x86
		{8AA209DD-602F-4325-A962-BB3841A96338}.Ad-Hoc|x64.ActiveCfg = Release|x64
		{8AA209DD-602F-4325-A962-BB3841A96338}.Ad-Hoc|x64.Build.0 = Release|x64
		{8AA209DD-602F-4325-A962-BB3841A96338}.Ad-Hoc|x64.Deploy.0 = Release|x64
		{8AA209DD-602F-4325-A962-BB3841A96338}.Ad-Hoc|x86.ActiveCfg = Release|x86
		{8AA209DD-602F-4325-A962-BB3841A96338}.Ad-Hoc|x86.Build.0 = Release|x86
		{8AA209DD-602F-4325-A962-BB3841A96338}.Ad-Hoc|x86.Deploy.0 = Release|x86
		{8AA209DD-602F-4325-A962-BB3841A96338}.AppStore|Any CPU.ActiveCfg = Release|x86
		{8AA209DD-602F-4325-A962-BB3841A96338}.AppStore|Any CPU.Build.0 = Release|x86
		{8AA209DD-602F-4325-A962-BB3841A96338}.AppStore|Any CPU.Deploy.0 = Release|x86
		{8AA209DD-602F-4325-A962-BB3841A96338}.AppStore|ARM.ActiveCfg = Release|ARM
		{8AA209DD-602F-4325-A962-BB3841A96338}.AppStore|ARM.Build.0 = Release|ARM
		{8AA209DD-602F-4325-A962-BB3841A96338}.AppStore|ARM.Deploy.0 = Release|ARM
		{8AA209DD-602F-4325-A962-BB3841A96338}.AppStore|iPhone.ActiveCfg = Release|x86
		{8AA209DD-602F-4325-A962-BB3841A96338}.AppStore|iPhone.Build.0 = Release|x86
		{8AA209DD-602F-4325-A962-BB3841A96338}.AppStore|iPhone.Deploy.0 = Release|x86
		{8AA209DD-602F-4325-A962-BB3841A96338}.AppStore|iPhoneSimulator.ActiveCfg = Release|x86
		{8AA209DD-602F-4325-A962-BB3841A96338}.AppStore|iPhoneSimulator.Build.0 = Release|x86
		{8AA209DD-602F-4325-A962-BB3841A96338}.AppStore|iPhoneSimulator.Deploy.0 = Release|x86
		{8AA209DD-602F-4325-A962-BB3841A96338}.AppStore|x64.ActiveCfg = Release|x64
		{8AA209DD-602F-4325-A962-BB3841A96338}.AppStore|x64.Build.0 = Release|x64
		{8AA209DD-602F-4325-A962-BB3841A96338}.AppStore|x64.Deploy.0 = Release|x64
		{8AA209DD-602F-4325-A962-BB3841A96338}.AppStore|x86.ActiveCfg = Release|x86
		{8AA209DD-602F-4325-A962-BB3841A96338}.AppStore|x86.Build.0 = Release|x86
		{8AA209DD-602F-4325-A962-BB3841A96338}.AppStore|x86.Deploy.0 = Release|x86
		{8AA209DD-602F-4325-A962-BB3841A96338}.Debug|Any CPU.ActiveCfg = Debug|x86
		{8AA209DD-602F-4325-A962-BB3841A96338}.Debug|Any CPU.Build.0 = Debug|x86
		{8AA209DD-602F-4325-A962-BB3841A96338}.Debug|Any CPU.Deploy.0 = Debug|x86
		{8AA209DD-602F-4325-A962-BB3841A96338}.Debug|ARM.ActiveCfg = Debug|ARM
		{8AA209DD-602F-4325-A962-BB3841A96338}.Debug|ARM.Build.0 = Debug|ARM
		{8AA209DD-602F-4325-A962-BB3841A96338}.Debug|ARM.Deploy.0 = Debug|ARM
		{8AA209DD-602F-4325-A962-BB3841A96338}.Debug|iPhone.ActiveCfg = Debug|x86
		{8AA209DD-602F-4325-A962-BB3841A96338}.Debug|iPhone.Build.0 = Debug|x86
		{8AA209DD-602F-4325-A962-BB3841A96338}.Debug|iPhone.Deploy.0 = Debug|x86
		{8AA209DD-602F-4325-A962-BB3841A96338}.Debug|iPhoneSimulator.ActiveCfg = Debug|x86
		{8AA209DD-602F-4325-A962-BB3841A96338}.Debug|x64.ActiveCfg = Debug|x64
		{8AA209DD-602F-4325-A962-BB3841A96338}.Debug|x64.Build.0 = Debug|x64
		{8AA209DD-602F-4325-A962-BB3841A96338}.Debug|x64.Deploy.0 = Debug|x64
		{8AA209DD-602F-4325-A962-BB3841A96338}.Debug|x86.ActiveCfg = Debug|x86
		{8AA209DD-602F-4325-A962-BB3841A96338}.Debug|x86.Build.0 = Debug|x86
		{8AA209DD-602F-4325-A962-BB3841A96338}.Debug|x86.Deploy.0 = Debug|x86
		{8AA209DD-602F-4325-A962-BB3841A96338}.Release|Any CPU.ActiveCfg = Release|x86
		{8AA209DD-602F-4325-A962-BB3841A96338}.Release|ARM.ActiveCfg = Release|ARM
		{8AA209DD-602F-4325-A962-BB3841A96338}.Release|ARM.Build.0 = Release|ARM
		{8AA209DD-602F-4325-A962-BB3841A96338}.Release|ARM.Deploy.0 = Release|ARM
		{8AA209DD-602F-4325-A962-BB3841A96338}.Release|iPhone.ActiveCfg = Release|x86
		{8AA209DD-602F-4325-A962-BB3841A96338}.Release|iPhoneSimulator.ActiveCfg = Release|x86
		{8AA209DD-602F-4325-A962-BB3841A96338}.Release|x64.ActiveCfg = Release|x64
		{8AA209DD-602F-4325-A962-BB3841A96338}.Release|x64.Build.0 = Release|x64
		{8AA209DD-602F-4325-A962-BB3841A96338}.Release|x64.Deploy.0 = Release|x64
		{8AA209DD-602F-4325-A962-BB3841A96338}.Release|x86.ActiveCfg = Release|x86
		{8AA209DD-602F-4325-A962-BB3841A96338}.Release|x86.Build.0 = Release|x86
		{8AA209DD-602F-4325-A962-BB3841A96338}.Release|x86.Deploy.0 = Release|x86
		{69AF34C0-39B1-4686-BBB5-1F59DEB31158}.Ad-Hoc|Any CPU.ActiveCfg = Release|Any CPU
		{69AF34C0-39B1-4686-BBB5-1F59DEB31158}.Ad-Hoc|Any CPU.Build.0 = Release|Any CPU
		{69AF34C0-39B1-4686-BBB5-1F59DEB31158}.Ad-Hoc|ARM.ActiveCfg = Release|Any CPU
		{69AF34C0-39B1-4686-BBB5-1F59DEB31158}.Ad-Hoc|ARM.Build.0 = Release|Any CPU
		{69AF34C0-39B1-4686-BBB5-1F59DEB31158}.Ad-Hoc|iPhone.ActiveCfg = Release|Any CPU
		{69AF34C0-39B1-4686-BBB5-1F59DEB31158}.Ad-Hoc|iPhone.Build.0 = Release|Any CPU
		{69AF34C0-39B1-4686-BBB5-1F59DEB31158}.Ad-Hoc|iPhoneSimulator.ActiveCfg = Release|Any CPU
		{69AF34C0-39B1-4686-BBB5-1F59DEB31158}.Ad-Hoc|iPhoneSimulator.Build.0 = Release|Any CPU
		{69AF34C0-39B1-4686-BBB5-1F59DEB31158}.Ad-Hoc|x64.ActiveCfg = Release|Any CPU
		{69AF34C0-39B1-4686-BBB5-1F59DEB31158}.Ad-Hoc|x64.Build.0 = Release|Any CPU
		{69AF34C0-39B1-4686-BBB5-1F59DEB31158}.Ad-Hoc|x86.ActiveCfg = Release|Any CPU
		{69AF34C0-39B1-4686-BBB5-1F59DEB31158}.Ad-Hoc|x86.Build.0 = Release|Any CPU
		{69AF34C0-39B1-4686-BBB5-1F59DEB31158}.AppStore|Any CPU.ActiveCfg = Release|Any CPU
		{69AF34C0-39B1-4686-BBB5-1F59DEB31158}.AppStore|Any CPU.Build.0 = Release|Any CPU
		{69AF34C0-39B1-4686-BBB5-1F59DEB31158}.AppStore|ARM.ActiveCfg = Release|Any CPU
		{69AF34C0-39B1-4686-BBB5-1F59DEB31158}.AppStore|ARM.Build.0 = Release|Any CPU
		{69AF34C0-39B1-4686-BBB5-1F59DEB31158}.AppStore|iPhone.ActiveCfg = Release|Any CPU
		{69AF34C0-39B1-4686-BBB5-1F59DEB31158}.AppStore|iPhone.Build.0 = Release|Any CPU
		{69AF34C0-39B1-4686-BBB5-1F59DEB31158}.AppStore|iPhoneSimulator.ActiveCfg = Release|Any CPU
		{69AF34C0-39B1-4686-BBB5-1F59DEB31158}.AppStore|iPhoneSimulator.Build.0 = Release|Any CPU
		{69AF34C0-39B1-4686-BBB5-1F59DEB31158}.AppStore|x64.ActiveCfg = Release|Any CPU
		{69AF34C0-39B1-4686-BBB5-1F59DEB31158}.AppStore|x64.Build.0 = Release|Any CPU
		{69AF34C0-39B1-4686-BBB5-1F59DEB31158}.AppStore|x86.ActiveCfg = Release|Any CPU
		{69AF34C0-39B1-4686-BBB5-1F59DEB31158}.AppStore|x86.Build.0 = Release|Any CPU
		{69AF34C0-39B1-4686-BBB5-1F59DEB31158}.Debug|Any CPU.ActiveCfg = Debug|Any CPU
		{69AF34C0-39B1-4686-BBB5-1F59DEB31158}.Debug|Any CPU.Build.0 = Debug|Any CPU
		{69AF34C0-39B1-4686-BBB5-1F59DEB31158}.Debug|ARM.ActiveCfg = Debug|Any CPU
		{69AF34C0-39B1-4686-BBB5-1F59DEB31158}.Debug|ARM.Build.0 = Debug|Any CPU
		{69AF34C0-39B1-4686-BBB5-1F59DEB31158}.Debug|iPhone.ActiveCfg = Debug|Any CPU
		{69AF34C0-39B1-4686-BBB5-1F59DEB31158}.Debug|iPhone.Build.0 = Debug|Any CPU
		{69AF34C0-39B1-4686-BBB5-1F59DEB31158}.Debug|iPhoneSimulator.ActiveCfg = Debug|Any CPU
		{69AF34C0-39B1-4686-BBB5-1F59DEB31158}.Debug|iPhoneSimulator.Build.0 = Debug|Any CPU
		{69AF34C0-39B1-4686-BBB5-1F59DEB31158}.Debug|x64.ActiveCfg = Debug|Any CPU
		{69AF34C0-39B1-4686-BBB5-1F59DEB31158}.Debug|x64.Build.0 = Debug|Any CPU
		{69AF34C0-39B1-4686-BBB5-1F59DEB31158}.Debug|x86.ActiveCfg = Debug|Any CPU
		{69AF34C0-39B1-4686-BBB5-1F59DEB31158}.Debug|x86.Build.0 = Debug|Any CPU
		{69AF34C0-39B1-4686-BBB5-1F59DEB31158}.Release|Any CPU.ActiveCfg = Release|Any CPU
		{69AF34C0-39B1-4686-BBB5-1F59DEB31158}.Release|Any CPU.Build.0 = Release|Any CPU
		{69AF34C0-39B1-4686-BBB5-1F59DEB31158}.Release|ARM.ActiveCfg = Release|Any CPU
		{69AF34C0-39B1-4686-BBB5-1F59DEB31158}.Release|ARM.Build.0 = Release|Any CPU
		{69AF34C0-39B1-4686-BBB5-1F59DEB31158}.Release|iPhone.ActiveCfg = Release|Any CPU
		{69AF34C0-39B1-4686-BBB5-1F59DEB31158}.Release|iPhone.Build.0 = Release|Any CPU
		{69AF34C0-39B1-4686-BBB5-1F59DEB31158}.Release|iPhoneSimulator.ActiveCfg = Release|Any CPU
		{69AF34C0-39B1-4686-BBB5-1F59DEB31158}.Release|iPhoneSimulator.Build.0 = Release|Any CPU
		{69AF34C0-39B1-4686-BBB5-1F59DEB31158}.Release|x64.ActiveCfg = Release|Any CPU
		{69AF34C0-39B1-4686-BBB5-1F59DEB31158}.Release|x64.Build.0 = Release|Any CPU
		{69AF34C0-39B1-4686-BBB5-1F59DEB31158}.Release|x86.ActiveCfg = Release|Any CPU
		{69AF34C0-39B1-4686-BBB5-1F59DEB31158}.Release|x86.Build.0 = Release|Any CPU
	EndGlobalSection
	GlobalSection(SolutionProperties) = preSolution
		HideSolutionNode = FALSE
	EndGlobalSection
EndGlobal
